
Microsoft Visual Studio Solution File, Format Version 12.00
# Visual Studio 15
VisualStudioVersion = 15.0.36324.19
MinimumVisualStudioVersion = 10.0.40219.1
Project("{8BC9CEB8-8B4A-11D0-8D11-00A0C91BC942}") = "Project1", "Project1\Project1.vcxproj", "{09E66472-AE8A-4D5E-8CF2-A21B965257B3}"
EndProject
Global
	GlobalSection(SolutionConfigurationPlatforms) = preSolution
		Debug|x64 = Debug|x64
		Debug|x86 = Debug|x86
		Release|x64 = Release|x64
		Release|x86 = Release|x86
	EndGlobalSection
	GlobalSection(ProjectConfigurationPlatforms) = postSolution
		{09E66472-AE8A-4D5E-8CF2-A21B965257B3}.Debug|x64.ActiveCfg = Debug|x64
		{09E66472-AE8A-4D5E-8CF2-A21B965257B3}.Debug|x64.Build.0 = Debug|x64
		{09E66472-AE8A-4D5E-8CF2-A21B965257B3}.Debug|x86.ActiveCfg = Debug|Win32
		{09E66472-AE8A-4D5E-8CF2-A21B965257B3}.Debug|x86.Build.0 = Debug|Win32
		{09E66472-AE8A-4D5E-8CF2-A21B965257B3}.Release|x64.ActiveCfg = Release|x64
		{09E66472-AE8A-4D5E-8CF2-A21B965257B3}.Release|x64.Build.0 = Release|x64
		{09E66472-AE8A-4D5E-8CF2-A21B965257B3}.Release|x86.ActiveCfg = Release|Win32
		{09E66472-AE8A-4D5E-8CF2-A21B965257B3}.Release|x86.Build.0 = Release|Win32
	EndGlobalSection
	GlobalSection(SolutionProperties) = preSolution
		HideSolutionNode = FALSE
	EndGlobalSection
	GlobalSection(ExtensibilityGlobals) = postSolution
		SolutionGuid = {42E45149-93D3-4CD0-8BE1-D95C83930B0E}
	EndGlobalSection
EndGlobal
